
Microsoft Visual Studio Solution File, Format Version 12.00
# Visual Studio Version 16
VisualStudioVersion = 16.0.32413.511
MinimumVisualStudioVersion = 10.0.40219.1
Project("{FAE04EC0-301F-11D3-BF4B-00C04F79EFBC}") = "APIandJsonEx2", "APIandJsonEx2\APIandJsonEx2.csproj", "{ED16C629-69BD-4056-A59C-F384123B1B1D}"
EndProject
Global
	GlobalSection(SolutionConfigurationPlatforms) = preSolution
		Debug|Any CPU = Debug|Any CPU
		Release|Any CPU = Release|Any CPU
	EndGlobalSection
	GlobalSection(ProjectConfigurationPlatforms) = postSolution
		{ED16C629-69BD-4056-A59C-F384123B1B1D}.Debug|Any CPU.ActiveCfg = Debug|Any CPU
		{ED16C629-69BD-4056-A59C-F384123B1B1D}.Debug|Any CPU.Build.0 = Debug|Any CPU
		{ED16C629-69BD-4056-A59C-F384123B1B1D}.Release|Any CPU.ActiveCfg = Release|Any CPU
		{ED16C629-69BD-4056-A59C-F384123B1B1D}.Release|Any CPU.Build.0 = Release|Any CPU
	EndGlobalSection
	GlobalSection(SolutionProperties) = preSolution
		HideSolutionNode = FALSE
	EndGlobalSection
	GlobalSection(ExtensibilityGlobals) = postSolution
		SolutionGuid = {AE7CF276-C80C-45D5-A819-615003C3D8AF}
	EndGlobalSection
EndGlobal
